
Microsoft Visual Studio Solution File, Format Version 12.00
# Visual Studio Version 17
VisualStudioVersion = 17.3.32929.385
MinimumVisualStudioVersion = 10.0.40219.1
Project("{FAE04EC0-301F-11D3-BF4B-00C04F79EFBC}") = "DataBases", "DataBases\DataBases.csproj", "{3466DF2A-DC51-4D34-8AEA-6205857386B9}"
EndProject
Global
	GlobalSection(SolutionConfigurationPlatforms) = preSolution
		Debug|Any CPU = Debug|Any CPU
		Release|Any CPU = Release|Any CPU
	EndGlobalSection
	GlobalSection(ProjectConfigurationPlatforms) = postSolution
		{3466DF2A-DC51-4D34-8AEA-6205857386B9}.Debug|Any CPU.ActiveCfg = Debug|Any CPU
		{3466DF2A-DC51-4D34-8AEA-6205857386B9}.Debug|Any CPU.Build.0 = Debug|Any CPU
		{3466DF2A-DC51-4D34-8AEA-6205857386B9}.Release|Any CPU.ActiveCfg = Release|Any CPU
		{3466DF2A-DC51-4D34-8AEA-6205857386B9}.Release|Any CPU.Build.0 = Release|Any CPU
	EndGlobalSection
	GlobalSection(SolutionProperties) = preSolution
		HideSolutionNode = FALSE
	EndGlobalSection
	GlobalSection(ExtensibilityGlobals) = postSolution
		SolutionGuid = {D1F694E4-A082-4ECB-AEAF-D627D5253C81}
	EndGlobalSection
EndGlobal
